// !$*UTF8*$!
{
	archiveVersion = 1;
	classes = {
	};
	objectVersion = 46;
	objects = {

/* Begin PBXBuildFile section */
		358F4F7D1CCAB66900A77D67 /* AppDelegate.swift in Sources */ = {isa = PBXBuildFile; fileRef = 358F4F7C1CCAB66900A77D67 /* AppDelegate.swift */; };
		358F4F7F1CCAB66900A77D67 /* LABELOViewController.swift in Sources */ = {isa = PBXBuildFile; fileRef = 358F4F7E1CCAB66900A77D67 /* LABELOViewController.swift */; };
		358F4F821CCAB66900A77D67 /* Main.storyboard in Resources */ = {isa = PBXBuildFile; fileRef = 358F4F801CCAB66900A77D67 /* Main.storyboard */; };
		358F4F841CCAB66900A77D67 /* Assets.xcassets in Resources */ = {isa = PBXBuildFile; fileRef = 358F4F831CCAB66900A77D67 /* Assets.xcassets */; };
		358F4F871CCAB66900A77D67 /* LaunchScreen.storyboard in Resources */ = {isa = PBXBuildFile; fileRef = 358F4F851CCAB66900A77D67 /* LaunchScreen.storyboard */; };
		35EC14D41CCFFF6300974C18 /* NoiseMeterViewController.swift in Sources */ = {isa = PBXBuildFile; fileRef = 35EC14D21CCFFF6300974C18 /* NoiseMeterViewController.swift */; };
		52B4A98C1CD28DF500AFED66 /* AVTonePlayerUnit.swift in Sources */ = {isa = PBXBuildFile; fileRef = 52B4A98B1CD28DF500AFED66 /* AVTonePlayerUnit.swift */; };
		52B4A98E1CD290DF00AFED66 /* ToneTestViewController.swift in Sources */ = {isa = PBXBuildFile; fileRef = 52B4A98D1CD290DF00AFED66 /* ToneTestViewController.swift */; };
		622C77FC1CF3428E000C0D38 /* ResultViewController.swift in Sources */ = {isa = PBXBuildFile; fileRef = 622C77FB1CF3428E000C0D38 /* ResultViewController.swift */; };
		62882C1B1CEE2343000C426F /* UILabel+Extension.swift in Sources */ = {isa = PBXBuildFile; fileRef = 62882C1A1CEE2343000C426F /* UILabel+Extension.swift */; };
		62882C1D1CEE235F000C426F /* CABasicAnimation+Extensions.swift in Sources */ = {isa = PBXBuildFile; fileRef = 62882C1C1CEE235F000C426F /* CABasicAnimation+Extensions.swift */; };
		6295C3E31CE2BBCD003B09E5 /* NSDate+Extensions.swift in Sources */ = {isa = PBXBuildFile; fileRef = 6295C3E21CE2BBCD003B09E5 /* NSDate+Extensions.swift */; };
		6295C3E61CE2BBFC003B09E5 /* NoiseMeter.swift in Sources */ = {isa = PBXBuildFile; fileRef = 6295C3E51CE2BBFC003B09E5 /* NoiseMeter.swift */; };
		6295C3E81CE2C0B7003B09E5 /* Utils.swift in Sources */ = {isa = PBXBuildFile; fileRef = 6295C3E71CE2C0B7003B09E5 /* Utils.swift */; };
		62BA15E41F4A7AE300CEFBDC /* ResultRealm.swift in Sources */ = {isa = PBXBuildFile; fileRef = 62BA15E31F4A7AE300CEFBDC /* ResultRealm.swift */; };
		62DA2EE91E96E23D005FBB89 /* ToneTestStep.swift in Sources */ = {isa = PBXBuildFile; fileRef = 62DA2EE81E96E23D005FBB89 /* ToneTestStep.swift */; };
		62DA2EEB1E96E24F005FBB89 /* TonePlayer.swift in Sources */ = {isa = PBXBuildFile; fileRef = 62DA2EEA1E96E24F005FBB89 /* TonePlayer.swift */; };
		62E2787B1E9403110021D2A5 /* TestInteractor.swift in Sources */ = {isa = PBXBuildFile; fileRef = 62E2787A1E9403110021D2A5 /* TestInteractor.swift */; };
		62E2787D1E941E950021D2A5 /* TestPresenter.swift in Sources */ = {isa = PBXBuildFile; fileRef = 62E2787C1E941E950021D2A5 /* TestPresenter.swift */; };
		62EE89D21CEBB76B003965BA /* CircleView.swift in Sources */ = {isa = PBXBuildFile; fileRef = 62EE89D11CEBB76B003965BA /* CircleView.swift */; };
		62EE89D51CEBCD4A003965BA /* MeterTableOC.m in Sources */ = {isa = PBXBuildFile; fileRef = 62EE89D41CEBCD4A003965BA /* MeterTableOC.m */; };
		62EE89D71CEBD1F8003965BA /* MeterTableSwift.swift in Sources */ = {isa = PBXBuildFile; fileRef = 62EE89D61CEBD1F8003965BA /* MeterTableSwift.swift */; };
		62FDD0D41ECF6A4600C08E2C /* ResultTableViewCell.swift in Sources */ = {isa = PBXBuildFile; fileRef = 62FDD0D31ECF6A4600C08E2C /* ResultTableViewCell.swift */; };
		6411011B1F4D386C00FC5993 /* Realm.framework in Frameworks */ = {isa = PBXBuildFile; fileRef = 641101191F4D386C00FC5993 /* Realm.framework */; };
		6411011C1F4D386C00FC5993 /* RealmSwift.framework in Frameworks */ = {isa = PBXBuildFile; fileRef = 6411011A1F4D386C00FC5993 /* RealmSwift.framework */; };
		641101261F4D437800FC5993 /* Patient.swift in Sources */ = {isa = PBXBuildFile; fileRef = 641101251F4D437800FC5993 /* Patient.swift */; };
		6423CE541F53E17300877F24 /* CSV.framework in Frameworks */ = {isa = PBXBuildFile; fileRef = 6423CE531F53E17300877F24 /* CSV.framework */; };
		6423CE561F53F59F00877F24 /* Exporter.swift in Sources */ = {isa = PBXBuildFile; fileRef = 6423CE551F53F59F00877F24 /* Exporter.swift */; };
		64935A131F56747F0098FA46 /* SimpleMailComposer.swift in Sources */ = {isa = PBXBuildFile; fileRef = 64935A121F56747E0098FA46 /* SimpleMailComposer.swift */; };
		64EE672D1E935F8D00DD973D /* MainViewController.swift in Sources */ = {isa = PBXBuildFile; fileRef = 64EE672C1E935F8D00DD973D /* MainViewController.swift */; };
		64EE67301E93605B00DD973D /* AllResultsViewController.swift in Sources */ = {isa = PBXBuildFile; fileRef = 64EE672F1E93605B00DD973D /* AllResultsViewController.swift */; };
/* End PBXBuildFile section */

/* Begin PBXFileReference section */
		358F4F791CCAB66900A77D67 /* Ouviu.app */ = {isa = PBXFileReference; explicitFileType = wrapper.application; includeInIndex = 0; path = Ouviu.app; sourceTree = BUILT_PRODUCTS_DIR; };
		358F4F7C1CCAB66900A77D67 /* AppDelegate.swift */ = {isa = PBXFileReference; lastKnownFileType = sourcecode.swift; path = AppDelegate.swift; sourceTree = "<group>"; };
		358F4F7E1CCAB66900A77D67 /* LABELOViewController.swift */ = {isa = PBXFileReference; lastKnownFileType = sourcecode.swift; path = LABELOViewController.swift; sourceTree = "<group>"; };
		358F4F811CCAB66900A77D67 /* Base */ = {isa = PBXFileReference; lastKnownFileType = file.storyboard; name = Base; path = Base.lproj/Main.storyboard; sourceTree = "<group>"; };
		358F4F831CCAB66900A77D67 /* Assets.xcassets */ = {isa = PBXFileReference; lastKnownFileType = folder.assetcatalog; path = Assets.xcassets; sourceTree = "<group>"; };
		358F4F861CCAB66900A77D67 /* Base */ = {isa = PBXFileReference; lastKnownFileType = file.storyboard; name = Base; path = Base.lproj/LaunchScreen.storyboard; sourceTree = "<group>"; };
		358F4F881CCAB66900A77D67 /* Info.plist */ = {isa = PBXFileReference; lastKnownFileType = text.plist.xml; path = Info.plist; sourceTree = "<group>"; };
		35EC14D21CCFFF6300974C18 /* NoiseMeterViewController.swift */ = {isa = PBXFileReference; fileEncoding = 4; lastKnownFileType = sourcecode.swift; name = NoiseMeterViewController.swift; path = Audiometria/NoiseMeterViewController.swift; sourceTree = SOURCE_ROOT; };
		520D22451CD12FE8002931F1 /* Audiometria-Bridging-Header.h */ = {isa = PBXFileReference; lastKnownFileType = sourcecode.c.h; path = "Audiometria-Bridging-Header.h"; sourceTree = "<group>"; };
		52B4A98B1CD28DF500AFED66 /* AVTonePlayerUnit.swift */ = {isa = PBXFileReference; fileEncoding = 4; lastKnownFileType = sourcecode.swift; path = AVTonePlayerUnit.swift; sourceTree = "<group>"; };
		52B4A98D1CD290DF00AFED66 /* ToneTestViewController.swift */ = {isa = PBXFileReference; fileEncoding = 4; lastKnownFileType = sourcecode.swift; path = ToneTestViewController.swift; sourceTree = "<group>"; };
		622C77FB1CF3428E000C0D38 /* ResultViewController.swift */ = {isa = PBXFileReference; fileEncoding = 4; lastKnownFileType = sourcecode.swift; path = ResultViewController.swift; sourceTree = "<group>"; };
		62882C1A1CEE2343000C426F /* UILabel+Extension.swift */ = {isa = PBXFileReference; fileEncoding = 4; lastKnownFileType = sourcecode.swift; path = "UILabel+Extension.swift"; sourceTree = "<group>"; };
		62882C1C1CEE235F000C426F /* CABasicAnimation+Extensions.swift */ = {isa = PBXFileReference; fileEncoding = 4; lastKnownFileType = sourcecode.swift; path = "CABasicAnimation+Extensions.swift"; sourceTree = "<group>"; };
		6295C3E21CE2BBCD003B09E5 /* NSDate+Extensions.swift */ = {isa = PBXFileReference; fileEncoding = 4; lastKnownFileType = sourcecode.swift; path = "NSDate+Extensions.swift"; sourceTree = "<group>"; };
		6295C3E51CE2BBFC003B09E5 /* NoiseMeter.swift */ = {isa = PBXFileReference; fileEncoding = 4; lastKnownFileType = sourcecode.swift; path = NoiseMeter.swift; sourceTree = "<group>"; };
		6295C3E71CE2C0B7003B09E5 /* Utils.swift */ = {isa = PBXFileReference; fileEncoding = 4; lastKnownFileType = sourcecode.swift; path = Utils.swift; sourceTree = "<group>"; };
		62BA15E31F4A7AE300CEFBDC /* ResultRealm.swift */ = {isa = PBXFileReference; fileEncoding = 4; lastKnownFileType = sourcecode.swift; path = ResultRealm.swift; sourceTree = "<group>"; };
		62DA2EE81E96E23D005FBB89 /* ToneTestStep.swift */ = {isa = PBXFileReference; fileEncoding = 4; lastKnownFileType = sourcecode.swift; path = ToneTestStep.swift; sourceTree = "<group>"; };
		62DA2EEA1E96E24F005FBB89 /* TonePlayer.swift */ = {isa = PBXFileReference; fileEncoding = 4; lastKnownFileType = sourcecode.swift; path = TonePlayer.swift; sourceTree = "<group>"; };
		62E2787A1E9403110021D2A5 /* TestInteractor.swift */ = {isa = PBXFileReference; fileEncoding = 4; lastKnownFileType = sourcecode.swift; path = TestInteractor.swift; sourceTree = "<group>"; };
		62E2787C1E941E950021D2A5 /* TestPresenter.swift */ = {isa = PBXFileReference; fileEncoding = 4; lastKnownFileType = sourcecode.swift; path = TestPresenter.swift; sourceTree = "<group>"; };
		62EE89D11CEBB76B003965BA /* CircleView.swift */ = {isa = PBXFileReference; fileEncoding = 4; lastKnownFileType = sourcecode.swift; path = CircleView.swift; sourceTree = "<group>"; };
		62EE89D31CEBCD4A003965BA /* MeterTableOC.h */ = {isa = PBXFileReference; fileEncoding = 4; lastKnownFileType = sourcecode.c.h; path = MeterTableOC.h; sourceTree = "<group>"; };
		62EE89D41CEBCD4A003965BA /* MeterTableOC.m */ = {isa = PBXFileReference; fileEncoding = 4; lastKnownFileType = sourcecode.c.objc; path = MeterTableOC.m; sourceTree = "<group>"; };
		62EE89D61CEBD1F8003965BA /* MeterTableSwift.swift */ = {isa = PBXFileReference; fileEncoding = 4; lastKnownFileType = sourcecode.swift; path = MeterTableSwift.swift; sourceTree = "<group>"; };
		62FDD0D31ECF6A4600C08E2C /* ResultTableViewCell.swift */ = {isa = PBXFileReference; fileEncoding = 4; lastKnownFileType = sourcecode.swift; path = ResultTableViewCell.swift; sourceTree = "<group>"; };
		641101191F4D386C00FC5993 /* Realm.framework */ = {isa = PBXFileReference; lastKnownFileType = wrapper.framework; name = Realm.framework; path = Carthage/Build/iOS/Realm.framework; sourceTree = "<group>"; };
		6411011A1F4D386C00FC5993 /* RealmSwift.framework */ = {isa = PBXFileReference; lastKnownFileType = wrapper.framework; name = RealmSwift.framework; path = Carthage/Build/iOS/RealmSwift.framework; sourceTree = "<group>"; };
		641101251F4D437800FC5993 /* Patient.swift */ = {isa = PBXFileReference; fileEncoding = 4; lastKnownFileType = sourcecode.swift; path = Patient.swift; sourceTree = "<group>"; };
		6423CE531F53E17300877F24 /* CSV.framework */ = {isa = PBXFileReference; lastKnownFileType = wrapper.framework; name = CSV.framework; path = Carthage/Build/iOS/CSV.framework; sourceTree = "<group>"; };
		6423CE551F53F59F00877F24 /* Exporter.swift */ = {isa = PBXFileReference; fileEncoding = 4; lastKnownFileType = sourcecode.swift; path = Exporter.swift; sourceTree = "<group>"; };
		64935A121F56747E0098FA46 /* SimpleMailComposer.swift */ = {isa = PBXFileReference; fileEncoding = 4; lastKnownFileType = sourcecode.swift; path = SimpleMailComposer.swift; sourceTree = "<group>"; };
		64EE672C1E935F8D00DD973D /* MainViewController.swift */ = {isa = PBXFileReference; fileEncoding = 4; lastKnownFileType = sourcecode.swift; name = MainViewController.swift; path = Main/MainViewController.swift; sourceTree = "<group>"; };
		64EE672F1E93605B00DD973D /* AllResultsViewController.swift */ = {isa = PBXFileReference; fileEncoding = 4; lastKnownFileType = sourcecode.swift; path = AllResultsViewController.swift; sourceTree = "<group>"; };
/* End PBXFileReference section */

/* Begin PBXFrameworksBuildPhase section */
		358F4F761CCAB66900A77D67 /* Frameworks */ = {
			isa = PBXFrameworksBuildPhase;
			buildActionMask = 2147483647;
			files = (
				6411011B1F4D386C00FC5993 /* Realm.framework in Frameworks */,
				6411011C1F4D386C00FC5993 /* RealmSwift.framework in Frameworks */,
				6423CE541F53E17300877F24 /* CSV.framework in Frameworks */,
			);
			runOnlyForDeploymentPostprocessing = 0;
		};
/* End PBXFrameworksBuildPhase section */

/* Begin PBXGroup section */
		358F4F701CCAB66900A77D67 = {
			isa = PBXGroup;
			children = (
				358F4F911CCADC7F00A77D67 /* Frameworks */,
				358F4F7B1CCAB66900A77D67 /* Audiometria */,
				358F4F7A1CCAB66900A77D67 /* Products */,
			);
			sourceTree = "<group>";
		};
		358F4F7A1CCAB66900A77D67 /* Products */ = {
			isa = PBXGroup;
			children = (
				358F4F791CCAB66900A77D67 /* Ouviu.app */,
			);
			name = Products;
			sourceTree = "<group>";
		};
		358F4F7B1CCAB66900A77D67 /* Audiometria */ = {
			isa = PBXGroup;
			children = (
				62BA15E21F4A7AD400CEFBDC /* Model */,
				358F4F881CCAB66900A77D67 /* Info.plist */,
				358F4F7C1CCAB66900A77D67 /* AppDelegate.swift */,
				52B4A98B1CD28DF500AFED66 /* AVTonePlayerUnit.swift */,
				358F4F7E1CCAB66900A77D67 /* LABELOViewController.swift */,
				358F4F831CCAB66900A77D67 /* Assets.xcassets */,
				62882C1E1CEE6963000C426F /* Audiometry */,
				358F4F851CCAB66900A77D67 /* LaunchScreen.storyboard */,
				64EE672E1E935F9100DD973D /* Main */,
				358F4F801CCAB66900A77D67 /* Main.storyboard */,
				6295C3E41CE2BBE5003B09E5 /* NoiseMeter */,
				622C77F71CF33ED0000C0D38 /* Result */,
				62EE89D01CEBB6CC003965BA /* Timer */,
				6295C3E11CE2BBB4003B09E5 /* Utils */,
			);
			path = Audiometria;
			sourceTree = "<group>";
		};
		358F4F911CCADC7F00A77D67 /* Frameworks */ = {
			isa = PBXGroup;
			children = (
				6423CE531F53E17300877F24 /* CSV.framework */,
				641101191F4D386C00FC5993 /* Realm.framework */,
				6411011A1F4D386C00FC5993 /* RealmSwift.framework */,
				520D22451CD12FE8002931F1 /* Audiometria-Bridging-Header.h */,
			);
			name = Frameworks;
			sourceTree = "<group>";
		};
		622C77F71CF33ED0000C0D38 /* Result */ = {
			isa = PBXGroup;
			children = (
				64EE672F1E93605B00DD973D /* AllResultsViewController.swift */,
				622C77FB1CF3428E000C0D38 /* ResultViewController.swift */,
				6423CE551F53F59F00877F24 /* Exporter.swift */,
				62FDD0D31ECF6A4600C08E2C /* ResultTableViewCell.swift */,
				64935A121F56747E0098FA46 /* SimpleMailComposer.swift */,
			);
			path = Result;
			sourceTree = "<group>";
		};
		62882C1E1CEE6963000C426F /* Audiometry */ = {
			isa = PBXGroup;
			children = (
				62E2787A1E9403110021D2A5 /* TestInteractor.swift */,
				62E2787C1E941E950021D2A5 /* TestPresenter.swift */,
				62DA2EEA1E96E24F005FBB89 /* TonePlayer.swift */,
				62DA2EE81E96E23D005FBB89 /* ToneTestStep.swift */,
				52B4A98D1CD290DF00AFED66 /* ToneTestViewController.swift */,
			);
			name = Audiometry;
			sourceTree = "<group>";
		};
		6295C3E11CE2BBB4003B09E5 /* Utils */ = {
			isa = PBXGroup;
			children = (
				62882C1C1CEE235F000C426F /* CABasicAnimation+Extensions.swift */,
				6295C3E21CE2BBCD003B09E5 /* NSDate+Extensions.swift */,
				62882C1A1CEE2343000C426F /* UILabel+Extension.swift */,
				6295C3E71CE2C0B7003B09E5 /* Utils.swift */,
			);
			path = Utils;
			sourceTree = "<group>";
		};
		6295C3E41CE2BBE5003B09E5 /* NoiseMeter */ = {
			isa = PBXGroup;
			children = (
				62EE89D31CEBCD4A003965BA /* MeterTableOC.h */,
				62EE89D41CEBCD4A003965BA /* MeterTableOC.m */,
				6295C3E51CE2BBFC003B09E5 /* NoiseMeter.swift */,
				35EC14D21CCFFF6300974C18 /* NoiseMeterViewController.swift */,
				62EE89D61CEBD1F8003965BA /* MeterTableSwift.swift */,
			);
			path = NoiseMeter;
			sourceTree = "<group>";
		};
		62BA15E21F4A7AD400CEFBDC /* Model */ = {
			isa = PBXGroup;
			children = (
				62BA15E31F4A7AE300CEFBDC /* ResultRealm.swift */,
				641101251F4D437800FC5993 /* Patient.swift */,
			);
			name = Model;
			sourceTree = "<group>";
		};
		62EE89D01CEBB6CC003965BA /* Timer */ = {
			isa = PBXGroup;
			children = (
				62EE89D11CEBB76B003965BA /* CircleView.swift */,
			);
			path = Timer;
			sourceTree = "<group>";
		};
		64EE672E1E935F9100DD973D /* Main */ = {
			isa = PBXGroup;
			children = (
				64EE672C1E935F8D00DD973D /* MainViewController.swift */,
			);
			name = Main;
			sourceTree = "<group>";
		};
/* End PBXGroup section */

/* Begin PBXNativeTarget section */
		358F4F781CCAB66900A77D67 /* Audiometria */ = {
			isa = PBXNativeTarget;
			buildConfigurationList = 358F4F8B1CCAB66900A77D67 /* Build configuration list for PBXNativeTarget "Audiometria" */;
			buildPhases = (
				358F4F751CCAB66900A77D67 /* Sources */,
				358F4F761CCAB66900A77D67 /* Frameworks */,
				358F4F771CCAB66900A77D67 /* Resources */,
				6411011D1F4D387C00FC5993 /* Carthage */,
			);
			buildRules = (
			);
			dependencies = (
			);
			name = Audiometria;
			productName = Audiometria;
			productReference = 358F4F791CCAB66900A77D67 /* Ouviu.app */;
			productType = "com.apple.product-type.application";
		};
/* End PBXNativeTarget section */

/* Begin PBXProject section */
		358F4F711CCAB66900A77D67 /* Project object */ = {
			isa = PBXProject;
			attributes = {
				LastSwiftUpdateCheck = 0730;
				LastUpgradeCheck = 0800;
				ORGANIZATIONNAME = darkshine;
				TargetAttributes = {
					358F4F781CCAB66900A77D67 = {
						CreatedOnToolsVersion = 7.3;
						DevelopmentTeam = 8WCPHDZJPJ;
						LastSwiftMigration = 0800;
					};
				};
			};
			buildConfigurationList = 358F4F741CCAB66900A77D67 /* Build configuration list for PBXProject "Audiometria" */;
			compatibilityVersion = "Xcode 3.2";
			developmentRegion = English;
			hasScannedForEncodings = 0;
			knownRegions = (
				en,
				Base,
			);
			mainGroup = 358F4F701CCAB66900A77D67;
			productRefGroup = 358F4F7A1CCAB66900A77D67 /* Products */;
			projectDirPath = "";
			projectRoot = "";
			targets = (
				358F4F781CCAB66900A77D67 /* Audiometria */,
			);
		};
/* End PBXProject section */

/* Begin PBXResourcesBuildPhase section */
		358F4F771CCAB66900A77D67 /* Resources */ = {
			isa = PBXResourcesBuildPhase;
			buildActionMask = 2147483647;
			files = (
				358F4F871CCAB66900A77D67 /* LaunchScreen.storyboard in Resources */,
				358F4F841CCAB66900A77D67 /* Assets.xcassets in Resources */,
				358F4F821CCAB66900A77D67 /* Main.storyboard in Resources */,
			);
			runOnlyForDeploymentPostprocessing = 0;
		};
/* End PBXResourcesBuildPhase section */

/* Begin PBXShellScriptBuildPhase section */
		6411011D1F4D387C00FC5993 /* Carthage */ = {
			isa = PBXShellScriptBuildPhase;
			buildActionMask = 2147483647;
			files = (
			);
			inputPaths = (
				"$(SRCROOT)/Carthage/Build/iOS/Realm.framework",
				"$(SRCROOT)/Carthage/Build/iOS/RealmSwift.framework",
				"$(SRCROOT)/Carthage/Build/iOS/CSV.framework",
			);
			name = Carthage;
			outputPaths = (
			);
			runOnlyForDeploymentPostprocessing = 0;
			shellPath = /bin/sh;
			shellScript = "/usr/local/bin/carthage copy-frameworks";
		};
/* End PBXShellScriptBuildPhase section */

/* Begin PBXSourcesBuildPhase section */
		358F4F751CCAB66900A77D67 /* Sources */ = {
			isa = PBXSourcesBuildPhase;
			buildActionMask = 2147483647;
			files = (
				62EE89D21CEBB76B003965BA /* CircleView.swift in Sources */,
				62EE89D51CEBCD4A003965BA /* MeterTableOC.m in Sources */,
				358F4F7F1CCAB66900A77D67 /* LABELOViewController.swift in Sources */,
				64EE67301E93605B00DD973D /* AllResultsViewController.swift in Sources */,
				358F4F7D1CCAB66900A77D67 /* AppDelegate.swift in Sources */,
				62FDD0D41ECF6A4600C08E2C /* ResultTableViewCell.swift in Sources */,
				35EC14D41CCFFF6300974C18 /* NoiseMeterViewController.swift in Sources */,
				62DA2EEB1E96E24F005FBB89 /* TonePlayer.swift in Sources */,
				62EE89D71CEBD1F8003965BA /* MeterTableSwift.swift in Sources */,
				6295C3E31CE2BBCD003B09E5 /* NSDate+Extensions.swift in Sources */,
				6423CE561F53F59F00877F24 /* Exporter.swift in Sources */,
				62BA15E41F4A7AE300CEFBDC /* ResultRealm.swift in Sources */,
				64935A131F56747F0098FA46 /* SimpleMailComposer.swift in Sources */,
				62E2787D1E941E950021D2A5 /* TestPresenter.swift in Sources */,
				6295C3E81CE2C0B7003B09E5 /* Utils.swift in Sources */,
				62882C1D1CEE235F000C426F /* CABasicAnimation+Extensions.swift in Sources */,
				64EE672D1E935F8D00DD973D /* MainViewController.swift in Sources */,
				622C77FC1CF3428E000C0D38 /* ResultViewController.swift in Sources */,
				62882C1B1CEE2343000C426F /* UILabel+Extension.swift in Sources */,
				52B4A98C1CD28DF500AFED66 /* AVTonePlayerUnit.swift in Sources */,
				62E2787B1E9403110021D2A5 /* TestInteractor.swift in Sources */,
				6295C3E61CE2BBFC003B09E5 /* NoiseMeter.swift in Sources */,
				62DA2EE91E96E23D005FBB89 /* ToneTestStep.swift in Sources */,
				52B4A98E1CD290DF00AFED66 /* ToneTestViewController.swift in Sources */,
				641101261F4D437800FC5993 /* Patient.swift in Sources */,
			);
			runOnlyForDeploymentPostprocessing = 0;
		};
/* End PBXSourcesBuildPhase section */

/* Begin PBXVariantGroup section */
		358F4F801CCAB66900A77D67 /* Main.storyboard */ = {
			isa = PBXVariantGroup;
			children = (
				358F4F811CCAB66900A77D67 /* Base */,
			);
			name = Main.storyboard;
			sourceTree = "<group>";
		};
		358F4F851CCAB66900A77D67 /* LaunchScreen.storyboard */ = {
			isa = PBXVariantGroup;
			children = (
				358F4F861CCAB66900A77D67 /* Base */,
			);
			name = LaunchScreen.storyboard;
			sourceTree = "<group>";
		};
/* End PBXVariantGroup section */

/* Begin XCBuildConfiguration section */
		358F4F891CCAB66900A77D67 /* Debug */ = {
			isa = XCBuildConfiguration;
			buildSettings = {
				ALWAYS_SEARCH_USER_PATHS = NO;
				CLANG_ANALYZER_NONNULL = YES;
				CLANG_CXX_LANGUAGE_STANDARD = "gnu++0x";
				CLANG_CXX_LIBRARY = "libc++";
				CLANG_ENABLE_MODULES = YES;
				CLANG_ENABLE_OBJC_ARC = YES;
				CLANG_WARN_BOOL_CONVERSION = YES;
				CLANG_WARN_CONSTANT_CONVERSION = YES;
				CLANG_WARN_DIRECT_OBJC_ISA_USAGE = YES_ERROR;
				CLANG_WARN_EMPTY_BODY = YES;
				CLANG_WARN_ENUM_CONVERSION = YES;
				CLANG_WARN_INFINITE_RECURSION = YES;
				CLANG_WARN_INT_CONVERSION = YES;
				CLANG_WARN_OBJC_ROOT_CLASS = YES_ERROR;
				CLANG_WARN_SUSPICIOUS_MOVE = YES;
				CLANG_WARN_UNREACHABLE_CODE = YES;
				CLANG_WARN__DUPLICATE_METHOD_MATCH = YES;
				"CODE_SIGN_IDENTITY[sdk=iphoneos*]" = "iPhone Developer";
				COPY_PHASE_STRIP = NO;
				DEBUG_INFORMATION_FORMAT = dwarf;
				ENABLE_STRICT_OBJC_MSGSEND = YES;
				ENABLE_TESTABILITY = YES;
				GCC_C_LANGUAGE_STANDARD = gnu99;
				GCC_DYNAMIC_NO_PIC = NO;
				GCC_NO_COMMON_BLOCKS = YES;
				GCC_OPTIMIZATION_LEVEL = 0;
				GCC_PREPROCESSOR_DEFINITIONS = (
					"DEBUG=1",
					"$(inherited)",
				);
				GCC_WARN_64_TO_32_BIT_CONVERSION = YES;
				GCC_WARN_ABOUT_RETURN_TYPE = YES_ERROR;
				GCC_WARN_UNDECLARED_SELECTOR = YES;
				GCC_WARN_UNINITIALIZED_AUTOS = YES_AGGRESSIVE;
				GCC_WARN_UNUSED_FUNCTION = YES;
				GCC_WARN_UNUSED_VARIABLE = YES;
				IPHONEOS_DEPLOYMENT_TARGET = 9.3;
				MTL_ENABLE_DEBUG_INFO = YES;
				ONLY_ACTIVE_ARCH = YES;
				SDKROOT = iphoneos;
				SWIFT_OPTIMIZATION_LEVEL = "-Onone";
				TARGETED_DEVICE_FAMILY = "1,2";
			};
			name = Debug;
		};
		358F4F8A1CCAB66900A77D67 /* Release */ = {
			isa = XCBuildConfiguration;
			buildSettings = {
				ALWAYS_SEARCH_USER_PATHS = NO;
				CLANG_ANALYZER_NONNULL = YES;
				CLANG_CXX_LANGUAGE_STANDARD = "gnu++0x";
				CLANG_CXX_LIBRARY = "libc++";
				CLANG_ENABLE_MODULES = YES;
				CLANG_ENABLE_OBJC_ARC = YES;
				CLANG_WARN_BOOL_CONVERSION = YES;
				CLANG_WARN_CONSTANT_CONVERSION = YES;
				CLANG_WARN_DIRECT_OBJC_ISA_USAGE = YES_ERROR;
				CLANG_WARN_EMPTY_BODY = YES;
				CLANG_WARN_ENUM_CONVERSION = YES;
				CLANG_WARN_INFINITE_RECURSION = YES;
				CLANG_WARN_INT_CONVERSION = YES;
				CLANG_WARN_OBJC_ROOT_CLASS = YES_ERROR;
				CLANG_WARN_SUSPICIOUS_MOVE = YES;
				CLANG_WARN_UNREACHABLE_CODE = YES;
				CLANG_WARN__DUPLICATE_METHOD_MATCH = YES;
				"CODE_SIGN_IDENTITY[sdk=iphoneos*]" = "iPhone Developer";
				COPY_PHASE_STRIP = NO;
				DEBUG_INFORMATION_FORMAT = "dwarf-with-dsym";
				ENABLE_NS_ASSERTIONS = NO;
				ENABLE_STRICT_OBJC_MSGSEND = YES;
				GCC_C_LANGUAGE_STANDARD = gnu99;
				GCC_NO_COMMON_BLOCKS = YES;
				GCC_WARN_64_TO_32_BIT_CONVERSION = YES;
				GCC_WARN_ABOUT_RETURN_TYPE = YES_ERROR;
				GCC_WARN_UNDECLARED_SELECTOR = YES;
				GCC_WARN_UNINITIALIZED_AUTOS = YES_AGGRESSIVE;
				GCC_WARN_UNUSED_FUNCTION = YES;
				GCC_WARN_UNUSED_VARIABLE = YES;
				IPHONEOS_DEPLOYMENT_TARGET = 9.3;
				MTL_ENABLE_DEBUG_INFO = NO;
				SDKROOT = iphoneos;
				SWIFT_OPTIMIZATION_LEVEL = "-Owholemodule";
				TARGETED_DEVICE_FAMILY = "1,2";
				VALIDATE_PRODUCT = YES;
			};
			name = Release;
		};
		358F4F8C1CCAB66900A77D67 /* Debug */ = {
			isa = XCBuildConfiguration;
			buildSettings = {
				ASSETCATALOG_COMPILER_APPICON_NAME = AppIcon;
				CLANG_ENABLE_MODULES = YES;
				CODE_SIGN_IDENTITY = "iPhone Developer";
				"CODE_SIGN_IDENTITY[sdk=iphoneos*]" = "iPhone Developer";
				FRAMEWORK_SEARCH_PATHS = (
					"$(inherited)",
					"$(PROJECT_DIR)/Carthage/Build/iOS",
				);
				INFOPLIST_FILE = Audiometria/Info.plist;
				LD_RUNPATH_SEARCH_PATHS = "$(inherited) @executable_path/Frameworks";
				PRODUCT_BUNDLE_IDENTIFIER = io.darkshine.Ouviu;
				PRODUCT_NAME = Ouviu;
				PROVISIONING_PROFILE = "";
				SWIFT_OBJC_BRIDGING_HEADER = "Audiometria-Bridging-Header.h";
				SWIFT_OPTIMIZATION_LEVEL = "-Onone";
				SWIFT_VERSION = 3.0;
			};
			name = Debug;
		};
		358F4F8D1CCAB66900A77D67 /* Release */ = {
			isa = XCBuildConfiguration;
			buildSettings = {
				ASSETCATALOG_COMPILER_APPICON_NAME = AppIcon;
				CLANG_ENABLE_MODULES = YES;
				CODE_SIGN_IDENTITY = "iPhone Developer";
				"CODE_SIGN_IDENTITY[sdk=iphoneos*]" = "iPhone Developer";
				FRAMEWORK_SEARCH_PATHS = (
					"$(inherited)",
					"$(PROJECT_DIR)/Carthage/Build/iOS",
				);
				INFOPLIST_FILE = Audiometria/Info.plist;
				LD_RUNPATH_SEARCH_PATHS = "$(inherited) @executable_path/Frameworks";
				PRODUCT_BUNDLE_IDENTIFIER = io.darkshine.Ouviu;
				PRODUCT_NAME = Ouviu;
				PROVISIONING_PROFILE = "";
				SWIFT_OBJC_BRIDGING_HEADER = "Audiometria-Bridging-Header.h";
				SWIFT_VERSION = 3.0;
			};
			name = Release;
		};
/* End XCBuildConfiguration section */

/* Begin XCConfigurationList section */
		358F4F741CCAB66900A77D67 /* Build configuration list for PBXProject "Audiometria" */ = {
			isa = XCConfigurationList;
			buildConfigurations = (
				358F4F891CCAB66900A77D67 /* Debug */,
				358F4F8A1CCAB66900A77D67 /* Release */,
			);
			defaultConfigurationIsVisible = 0;
			defaultConfigurationName = Release;
		};
		358F4F8B1CCAB66900A77D67 /* Build configuration list for PBXNativeTarget "Audiometria" */ = {
			isa = XCConfigurationList;
			buildConfigurations = (
				358F4F8C1CCAB66900A77D67 /* Debug */,
				358F4F8D1CCAB66900A77D67 /* Release */,
			);
			defaultConfigurationIsVisible = 0;
			defaultConfigurationName = Release;
		};
/* End XCConfigurationList section */
	};
	rootObject = 358F4F711CCAB66900A77D67 /* Project object */;
}
